
Microsoft Visual Studio Solution File, Format Version 12.00
# Visual Studio Version 17
VisualStudioVersion = 17.0.32112.339
MinimumVisualStudioVersion = 10.0.40219.1
Project("{9A19103F-16F7-4668-BE54-9A1E7A4F7556}") = "ConsoleBHX", "ConsoleBHX\ConsoleBHX.csproj", "{422141F0-7B03-483B-B725-819452CDE3D8}"
EndProject
Project("{FAE04EC0-301F-11D3-BF4B-00C04F79EFBC}") = "WebApplication", "WebApplication\WebApplication.csproj", "{12FB3428-8712-4F40-B491-9907B9E10970}"
EndProject
Project("{FAE04EC0-301F-11D3-BF4B-00C04F79EFBC}") = "ConsoleFramework", "ConsoleApp1\ConsoleFramework.csproj", "{D05C0B25-D51C-408A-BBA9-6B26DFCD2A01}"
EndProject
Global
	GlobalSection(SolutionConfigurationPlatforms) = preSolution
		Debug|Any CPU = Debug|Any CPU
		Release|Any CPU = Release|Any CPU
	EndGlobalSection
	GlobalSection(ProjectConfigurationPlatforms) = postSolution
		{422141F0-7B03-483B-B725-819452CDE3D8}.Debug|Any CPU.ActiveCfg = Debug|Any CPU
		{422141F0-7B03-483B-B725-819452CDE3D8}.Debug|Any CPU.Build.0 = Debug|Any CPU
		{422141F0-7B03-483B-B725-819452CDE3D8}.Release|Any CPU.ActiveCfg = Release|Any CPU
		{422141F0-7B03-483B-B725-819452CDE3D8}.Release|Any CPU.Build.0 = Release|Any CPU
		{12FB3428-8712-4F40-B491-9907B9E10970}.Debug|Any CPU.ActiveCfg = Debug|Any CPU
		{12FB3428-8712-4F40-B491-9907B9E10970}.Debug|Any CPU.Build.0 = Debug|Any CPU
		{12FB3428-8712-4F40-B491-9907B9E10970}.Release|Any CPU.ActiveCfg = Release|Any CPU
		{12FB3428-8712-4F40-B491-9907B9E10970}.Release|Any CPU.Build.0 = Release|Any CPU
		{D05C0B25-D51C-408A-BBA9-6B26DFCD2A01}.Debug|Any CPU.ActiveCfg = Debug|Any CPU
		{D05C0B25-D51C-408A-BBA9-6B26DFCD2A01}.Debug|Any CPU.Build.0 = Debug|Any CPU
		{D05C0B25-D51C-408A-BBA9-6B26DFCD2A01}.Release|Any CPU.ActiveCfg = Release|Any CPU
		{D05C0B25-D51C-408A-BBA9-6B26DFCD2A01}.Release|Any CPU.Build.0 = Release|Any CPU
	EndGlobalSection
	GlobalSection(SolutionProperties) = preSolution
		HideSolutionNode = FALSE
	EndGlobalSection
	GlobalSection(ExtensibilityGlobals) = postSolution
		SolutionGuid = {8557012D-A22C-422B-B3B8-2496D9438B88}
	EndGlobalSection
EndGlobal
